<Solution>
  <Folder Name="/analyzers/">
    <File Path="analyzers/.editorconfig" />
    <File Path="analyzers/Directory.Build.props" />
    <Project Path="analyzers/Khaos.Analyzers/Khaos.Analyzers.csproj" />
    <Project Path="analyzers/Khaos.Internal.Analyzers/Khaos.Internal.Analyzers.csproj" />
  </Folder>
  <Folder Name="/build/">
    <File Path=".editorconfig" />
    <File Path=".gitattributes" />
    <File Path=".gitignore" />
    <File Path="Directory.Build.props" />
    <File Path="Directory.Packages.props" />
    <File Path="global.json" />
  </Folder>
  <Folder Name="/rules/">
    <File Path="rules/code.style.editorconfig" />
    <File Path="rules/disabled.editorconfig" />
    <File Path="rules/roslynator.editorconfig" />
    <File Path="rules/sonar.editorconfig" />
    <File Path="rules/underscore.editorconfig" />
    <File Path="rules/vsthrd.editorconfig" />
  </Folder>
  <Folder Name="/runtimes/">
    <File Path="runtimes/auto-update.cs" />
    <File Path="runtimes/package.nuspec" />
  </Folder>
  <Folder Name="/runtimes/scripts/">
    <File Path="runtimes/scripts/build-linux.sh" />
    <File Path="runtimes/scripts/build-windows.sh" />
    <File Path="runtimes/scripts/dependencies.sh" />
  </Folder>
  <Folder Name="/tests/">
    <File Path="tests/.editorconfig" />
    <File Path="tests/Directory.Build.props" />
    <File Path="tests/Directory.Packages.props" />
    <Project Path="tests/Khaos.Analyzers.Tests/Khaos.Analyzers.Tests.csproj" />
    <Project Path="tests/Khaos.Internal.Analyzers.Tests/Khaos.Internal.Analyzers.Tests.csproj" />
    <Project Path="tests/Khaos.Tests/Khaos.Tests.csproj" />
  </Folder>
  <Folder Name="/workflows/">
    <File Path=".github/workflows/runtimes.yml" />
    <File Path=".github/workflows/update-sdl.yml" />
  </Folder>
  <Project Path="src/Khaos.Sandbox/Khaos.Sandbox.csproj" />
  <Project Path="src/Khaos/Khaos.csproj" />
</Solution>
